// !$*UTF8*$!
{
	archiveVersion = 1;
	classes = {
	};
	objectVersion = 55;
	objects = {

/* Begin PBXBuildFile section */
		254F4651279705BC006DE402 /* TrekrMultiPlatformApp.swift in Sources */ = {isa = PBXBuildFile; fileRef = 254F4641279705B1006DE402 /* TrekrMultiPlatformApp.swift */; };
		254F4652279705BC006DE402 /* TrekrMultiPlatformApp.swift in Sources */ = {isa = PBXBuildFile; fileRef = 254F4641279705B1006DE402 /* TrekrMultiPlatformApp.swift */; };
		254F4655279705BC006DE402 /* Assets.xcassets in Resources */ = {isa = PBXBuildFile; fileRef = 254F4643279705BC006DE402 /* Assets.xcassets */; };
		254F4656279705BC006DE402 /* Assets.xcassets in Resources */ = {isa = PBXBuildFile; fileRef = 254F4643279705BC006DE402 /* Assets.xcassets */; };
		254F4663279707EC006DE402 /* locations.json in Resources */ = {isa = PBXBuildFile; fileRef = 254F4661279707EC006DE402 /* locations.json */; };
		254F4664279707EC006DE402 /* locations.json in Resources */ = {isa = PBXBuildFile; fileRef = 254F4661279707EC006DE402 /* locations.json */; };
		254F4665279707EC006DE402 /* tips.json in Resources */ = {isa = PBXBuildFile; fileRef = 254F4662279707EC006DE402 /* tips.json */; };
		254F4666279707EC006DE402 /* tips.json in Resources */ = {isa = PBXBuildFile; fileRef = 254F4662279707EC006DE402 /* tips.json */; };
		254F4668279708C0006DE402 /* location.swift in Sources */ = {isa = PBXBuildFile; fileRef = 254F4667279708C0006DE402 /* location.swift */; };
		254F4669279708C0006DE402 /* location.swift in Sources */ = {isa = PBXBuildFile; fileRef = 254F4667279708C0006DE402 /* location.swift */; };
		254F467127970B84006DE402 /* LocationDetail.swift in Sources */ = {isa = PBXBuildFile; fileRef = 254F467027970B84006DE402 /* LocationDetail.swift */; };
		254F467227970B84006DE402 /* LocationDetail.swift in Sources */ = {isa = PBXBuildFile; fileRef = 254F467027970B84006DE402 /* LocationDetail.swift */; };
		254F4674279754CB006DE402 /* LocationStore.swift in Sources */ = {isa = PBXBuildFile; fileRef = 254F4673279754CA006DE402 /* LocationStore.swift */; };
		254F4675279754CB006DE402 /* LocationStore.swift in Sources */ = {isa = PBXBuildFile; fileRef = 254F4673279754CA006DE402 /* LocationStore.swift */; };
		254F46772797B63D006DE402 /* LocationsList.swift in Sources */ = {isa = PBXBuildFile; fileRef = 254F46762797B63D006DE402 /* LocationsList.swift */; };
		254F46782797B63D006DE402 /* LocationsList.swift in Sources */ = {isa = PBXBuildFile; fileRef = 254F46762797B63D006DE402 /* LocationsList.swift */; };
		254F467A27985E69006DE402 /* WorldMap.swift in Sources */ = {isa = PBXBuildFile; fileRef = 254F467927985E68006DE402 /* WorldMap.swift */; };
		254F467B27985E69006DE402 /* WorldMap.swift in Sources */ = {isa = PBXBuildFile; fileRef = 254F467927985E68006DE402 /* WorldMap.swift */; };
		254F467D27985E93006DE402 /* TipsList.swift in Sources */ = {isa = PBXBuildFile; fileRef = 254F467C27985E93006DE402 /* TipsList.swift */; };
		254F467E27985E93006DE402 /* TipsList.swift in Sources */ = {isa = PBXBuildFile; fileRef = 254F467C27985E93006DE402 /* TipsList.swift */; };
/* End PBXBuildFile section */

/* Begin PBXFileReference section */
		254F4641279705B1006DE402 /* TrekrMultiPlatformApp.swift */ = {isa = PBXFileReference; lastKnownFileType = sourcecode.swift; path = TrekrMultiPlatformApp.swift; sourceTree = "<group>"; };
		254F4643279705BC006DE402 /* Assets.xcassets */ = {isa = PBXFileReference; lastKnownFileType = folder.assetcatalog; path = Assets.xcassets; sourceTree = "<group>"; };
		254F4648279705BC006DE402 /* TrekrMultiPlatform.app */ = {isa = PBXFileReference; explicitFileType = wrapper.application; includeInIndex = 0; path = TrekrMultiPlatform.app; sourceTree = BUILT_PRODUCTS_DIR; };
		254F464E279705BC006DE402 /* TrekrMultiPlatform.app */ = {isa = PBXFileReference; explicitFileType = wrapper.application; includeInIndex = 0; path = TrekrMultiPlatform.app; sourceTree = BUILT_PRODUCTS_DIR; };
		254F4650279705BC006DE402 /* macOS.entitlements */ = {isa = PBXFileReference; lastKnownFileType = text.plist.entitlements; path = macOS.entitlements; sourceTree = "<group>"; };
		254F4661279707EC006DE402 /* locations.json */ = {isa = PBXFileReference; fileEncoding = 4; lastKnownFileType = text.json; path = locations.json; sourceTree = "<group>"; };
		254F4662279707EC006DE402 /* tips.json */ = {isa = PBXFileReference; fileEncoding = 4; lastKnownFileType = text.json; path = tips.json; sourceTree = "<group>"; };
		254F4667279708C0006DE402 /* location.swift */ = {isa = PBXFileReference; lastKnownFileType = sourcecode.swift; path = location.swift; sourceTree = "<group>"; };
		254F467027970B84006DE402 /* LocationDetail.swift */ = {isa = PBXFileReference; lastKnownFileType = sourcecode.swift; path = LocationDetail.swift; sourceTree = "<group>"; };
		254F4673279754CA006DE402 /* LocationStore.swift */ = {isa = PBXFileReference; lastKnownFileType = sourcecode.swift; path = LocationStore.swift; sourceTree = "<group>"; };
		254F46762797B63D006DE402 /* LocationsList.swift */ = {isa = PBXFileReference; lastKnownFileType = sourcecode.swift; path = LocationsList.swift; sourceTree = "<group>"; };
		254F467927985E68006DE402 /* WorldMap.swift */ = {isa = PBXFileReference; lastKnownFileType = sourcecode.swift; path = WorldMap.swift; sourceTree = "<group>"; };
		254F467C27985E93006DE402 /* TipsList.swift */ = {isa = PBXFileReference; lastKnownFileType = sourcecode.swift; path = TipsList.swift; sourceTree = "<group>"; };
/* End PBXFileReference section */

/* Begin PBXFrameworksBuildPhase section */
		254F4645279705BC006DE402 /* Frameworks */ = {
			isa = PBXFrameworksBuildPhase;
			buildActionMask = 2147483647;
			files = (
			);
			runOnlyForDeploymentPostprocessing = 0;
		};
		254F464B279705BC006DE402 /* Frameworks */ = {
			isa = PBXFrameworksBuildPhase;
			buildActionMask = 2147483647;
			files = (
			);
			runOnlyForDeploymentPostprocessing = 0;
		};
/* End PBXFrameworksBuildPhase section */

/* Begin PBXGroup section */
		254F463B279705AF006DE402 = {
			isa = PBXGroup;
			children = (
				254F4640279705B0006DE402 /* Shared */,
				254F464F279705BC006DE402 /* macOS */,
				254F4649279705BC006DE402 /* Products */,
			);
			sourceTree = "<group>";
		};
		254F4640279705B0006DE402 /* Shared */ = {
			isa = PBXGroup;
			children = (
				254F4641279705B1006DE402 /* TrekrMultiPlatformApp.swift */,
				254F46602797066E006DE402 /* Model */,
				254F465F2797063E006DE402 /* Views */,
				254F4643279705BC006DE402 /* Assets.xcassets */,
			);
			path = Shared;
			sourceTree = "<group>";
		};
		254F4649279705BC006DE402 /* Products */ = {
			isa = PBXGroup;
			children = (
				254F4648279705BC006DE402 /* TrekrMultiPlatform.app */,
				254F464E279705BC006DE402 /* TrekrMultiPlatform.app */,
			);
			name = Products;
			sourceTree = "<group>";
		};
		254F464F279705BC006DE402 /* macOS */ = {
			isa = PBXGroup;
			children = (
				254F4650279705BC006DE402 /* macOS.entitlements */,
			);
			path = macOS;
			sourceTree = "<group>";
		};
		254F465F2797063E006DE402 /* Views */ = {
			isa = PBXGroup;
			children = (
				254F467027970B84006DE402 /* LocationDetail.swift */,
				254F46762797B63D006DE402 /* LocationsList.swift */,
				254F467927985E68006DE402 /* WorldMap.swift */,
				254F467C27985E93006DE402 /* TipsList.swift */,
			);
			path = Views;
			sourceTree = "<group>";
		};
		254F46602797066E006DE402 /* Model */ = {
			isa = PBXGroup;
			children = (
				254F4661279707EC006DE402 /* locations.json */,
				254F4662279707EC006DE402 /* tips.json */,
				254F4667279708C0006DE402 /* location.swift */,
				254F4673279754CA006DE402 /* LocationStore.swift */,
			);
			path = Model;
			sourceTree = "<group>";
		};
/* End PBXGroup section */

/* Begin PBXNativeTarget section */
		254F4647279705BC006DE402 /* TrekrMultiPlatform (iOS) */ = {
			isa = PBXNativeTarget;
			buildConfigurationList = 254F4659279705BC006DE402 /* Build configuration list for PBXNativeTarget "TrekrMultiPlatform (iOS)" */;
			buildPhases = (
				254F4644279705BC006DE402 /* Sources */,
				254F4645279705BC006DE402 /* Frameworks */,
				254F4646279705BC006DE402 /* Resources */,
			);
			buildRules = (
			);
			dependencies = (
			);
			name = "TrekrMultiPlatform (iOS)";
			productName = "TrekrMultiPlatform (iOS)";
			productReference = 254F4648279705BC006DE402 /* TrekrMultiPlatform.app */;
			productType = "com.apple.product-type.application";
		};
		254F464D279705BC006DE402 /* TrekrMultiPlatform (macOS) */ = {
			isa = PBXNativeTarget;
			buildConfigurationList = 254F465C279705BC006DE402 /* Build configuration list for PBXNativeTarget "TrekrMultiPlatform (macOS)" */;
			buildPhases = (
				254F464A279705BC006DE402 /* Sources */,
				254F464B279705BC006DE402 /* Frameworks */,
				254F464C279705BC006DE402 /* Resources */,
			);
			buildRules = (
			);
			dependencies = (
			);
			name = "TrekrMultiPlatform (macOS)";
			productName = "TrekrMultiPlatform (macOS)";
			productReference = 254F464E279705BC006DE402 /* TrekrMultiPlatform.app */;
			productType = "com.apple.product-type.application";
		};
/* End PBXNativeTarget section */

/* Begin PBXProject section */
		254F463C279705AF006DE402 /* Project object */ = {
			isa = PBXProject;
			attributes = {
				BuildIndependentTargetsInParallel = 1;
				LastSwiftUpdateCheck = 1320;
				LastUpgradeCheck = 1320;
				TargetAttributes = {
					254F4647279705BC006DE402 = {
						CreatedOnToolsVersion = 13.2.1;
					};
					254F464D279705BC006DE402 = {
						CreatedOnToolsVersion = 13.2.1;
					};
				};
			};
			buildConfigurationList = 254F463F279705AF006DE402 /* Build configuration list for PBXProject "TrekrMultiPlatform" */;
			compatibilityVersion = "Xcode 13.0";
			developmentRegion = en;
			hasScannedForEncodings = 0;
			knownRegions = (
				en,
				Base,
			);
			mainGroup = 254F463B279705AF006DE402;
			productRefGroup = 254F4649279705BC006DE402 /* Products */;
			projectDirPath = "";
			projectRoot = "";
			targets = (
				254F4647279705BC006DE402 /* TrekrMultiPlatform (iOS) */,
				254F464D279705BC006DE402 /* TrekrMultiPlatform (macOS) */,
			);
		};
/* End PBXProject section */

/* Begin PBXResourcesBuildPhase section */
		254F4646279705BC006DE402 /* Resources */ = {
			isa = PBXResourcesBuildPhase;
			buildActionMask = 2147483647;
			files = (
				254F4663279707EC006DE402 /* locations.json in Resources */,
				254F4655279705BC006DE402 /* Assets.xcassets in Resources */,
				254F4665279707EC006DE402 /* tips.json in Resources */,
			);
			runOnlyForDeploymentPostprocessing = 0;
		};
		254F464C279705BC006DE402 /* Resources */ = {
			isa = PBXResourcesBuildPhase;
			buildActionMask = 2147483647;
			files = (
				254F4664279707EC006DE402 /* locations.json in Resources */,
				254F4656279705BC006DE402 /* Assets.xcassets in Resources */,
				254F4666279707EC006DE402 /* tips.json in Resources */,
			);
			runOnlyForDeploymentPostprocessing = 0;
		};
/* End PBXResourcesBuildPhase section */

/* Begin PBXSourcesBuildPhase section */
		254F4644279705BC006DE402 /* Sources */ = {
			isa = PBXSourcesBuildPhase;
			buildActionMask = 2147483647;
			files = (
				254F4674279754CB006DE402 /* LocationStore.swift in Sources */,
				254F467A27985E69006DE402 /* WorldMap.swift in Sources */,
				254F4668279708C0006DE402 /* location.swift in Sources */,
				254F467D27985E93006DE402 /* TipsList.swift in Sources */,
				254F46772797B63D006DE402 /* LocationsList.swift in Sources */,
				254F4651279705BC006DE402 /* TrekrMultiPlatformApp.swift in Sources */,
				254F467127970B84006DE402 /* LocationDetail.swift in Sources */,
			);
			runOnlyForDeploymentPostprocessing = 0;
		};
		254F464A279705BC006DE402 /* Sources */ = {
			isa = PBXSourcesBuildPhase;
			buildActionMask = 2147483647;
			files = (
				254F4675279754CB006DE402 /* LocationStore.swift in Sources */,
				254F467B27985E69006DE402 /* WorldMap.swift in Sources */,
				254F4669279708C0006DE402 /* location.swift in Sources */,
				254F467E27985E93006DE402 /* TipsList.swift in Sources */,
				254F46782797B63D006DE402 /* LocationsList.swift in Sources */,
				254F4652279705BC006DE402 /* TrekrMultiPlatformApp.swift in Sources */,
				254F467227970B84006DE402 /* LocationDetail.swift in Sources */,
			);
			runOnlyForDeploymentPostprocessing = 0;
		};
/* End PBXSourcesBuildPhase section */

/* Begin XCBuildConfiguration section */
		254F4657279705BC006DE402 /* Debug */ = {
			isa = XCBuildConfiguration;
			buildSettings = {
				ALWAYS_SEARCH_USER_PATHS = NO;
				CLANG_ANALYZER_NONNULL = YES;
				CLANG_ANALYZER_NUMBER_OBJECT_CONVERSION = YES_AGGRESSIVE;
				CLANG_CXX_LANGUAGE_STANDARD = "gnu++17";
				CLANG_CXX_LIBRARY = "libc++";
				CLANG_ENABLE_MODULES = YES;
				CLANG_ENABLE_OBJC_ARC = YES;
				CLANG_ENABLE_OBJC_WEAK = YES;
				CLANG_WARN_BLOCK_CAPTURE_AUTORELEASING = YES;
				CLANG_WARN_BOOL_CONVERSION = YES;
				CLANG_WARN_COMMA = YES;
				CLANG_WARN_CONSTANT_CONVERSION = YES;
				CLANG_WARN_DEPRECATED_OBJC_IMPLEMENTATIONS = YES;
				CLANG_WARN_DIRECT_OBJC_ISA_USAGE = YES_ERROR;
				CLANG_WARN_DOCUMENTATION_COMMENTS = YES;
				CLANG_WARN_EMPTY_BODY = YES;
				CLANG_WARN_ENUM_CONVERSION = YES;
				CLANG_WARN_INFINITE_RECURSION = YES;
				CLANG_WARN_INT_CONVERSION = YES;
				CLANG_WARN_NON_LITERAL_NULL_CONVERSION = YES;
				CLANG_WARN_OBJC_IMPLICIT_RETAIN_SELF = YES;
				CLANG_WARN_OBJC_LITERAL_CONVERSION = YES;
				CLANG_WARN_OBJC_ROOT_CLASS = YES_ERROR;
				CLANG_WARN_QUOTED_INCLUDE_IN_FRAMEWORK_HEADER = YES;
				CLANG_WARN_RANGE_LOOP_ANALYSIS = YES;
				CLANG_WARN_STRICT_PROTOTYPES = YES;
				CLANG_WARN_SUSPICIOUS_MOVE = YES;
				CLANG_WARN_UNGUARDED_AVAILABILITY = YES_AGGRESSIVE;
				CLANG_WARN_UNREACHABLE_CODE = YES;
				CLANG_WARN__DUPLICATE_METHOD_MATCH = YES;
				COPY_PHASE_STRIP = NO;
				DEBUG_INFORMATION_FORMAT = dwarf;
				ENABLE_STRICT_OBJC_MSGSEND = YES;
				ENABLE_TESTABILITY = YES;
				GCC_C_LANGUAGE_STANDARD = gnu11;
				GCC_DYNAMIC_NO_PIC = NO;
				GCC_NO_COMMON_BLOCKS = YES;
				GCC_OPTIMIZATION_LEVEL = 0;
				GCC_PREPROCESSOR_DEFINITIONS = (
					"DEBUG=1",
					"$(inherited)",
				);
				GCC_WARN_64_TO_32_BIT_CONVERSION = YES;
				GCC_WARN_ABOUT_RETURN_TYPE = YES_ERROR;
				GCC_WARN_UNDECLARED_SELECTOR = YES;
				GCC_WARN_UNINITIALIZED_AUTOS = YES_AGGRESSIVE;
				GCC_WARN_UNUSED_FUNCTION = YES;
				GCC_WARN_UNUSED_VARIABLE = YES;
				MTL_ENABLE_DEBUG_INFO = INCLUDE_SOURCE;
				MTL_FAST_MATH = YES;
				ONLY_ACTIVE_ARCH = YES;
				SWIFT_ACTIVE_COMPILATION_CONDITIONS = DEBUG;
				SWIFT_OPTIMIZATION_LEVEL = "-Onone";
			};
			name = Debug;
		};
		254F4658279705BC006DE402 /* Release */ = {
			isa = XCBuildConfiguration;
			buildSettings = {
				ALWAYS_SEARCH_USER_PATHS = NO;
				CLANG_ANALYZER_NONNULL = YES;
				CLANG_ANALYZER_NUMBER_OBJECT_CONVERSION = YES_AGGRESSIVE;
				CLANG_CXX_LANGUAGE_STANDARD = "gnu++17";
				CLANG_CXX_LIBRARY = "libc++";
				CLANG_ENABLE_MODULES = YES;
				CLANG_ENABLE_OBJC_ARC = YES;
				CLANG_ENABLE_OBJC_WEAK = YES;
				CLANG_WARN_BLOCK_CAPTURE_AUTORELEASING = YES;
				CLANG_WARN_BOOL_CONVERSION = YES;
				CLANG_WARN_COMMA = YES;
				CLANG_WARN_CONSTANT_CONVERSION = YES;
				CLANG_WARN_DEPRECATED_OBJC_IMPLEMENTATIONS = YES;
				CLANG_WARN_DIRECT_OBJC_ISA_USAGE = YES_ERROR;
				CLANG_WARN_DOCUMENTATION_COMMENTS = YES;
				CLANG_WARN_EMPTY_BODY = YES;
				CLANG_WARN_ENUM_CONVERSION = YES;
				CLANG_WARN_INFINITE_RECURSION = YES;
				CLANG_WARN_INT_CONVERSION = YES;
				CLANG_WARN_NON_LITERAL_NULL_CONVERSION = YES;
				CLANG_WARN_OBJC_IMPLICIT_RETAIN_SELF = YES;
				CLANG_WARN_OBJC_LITERAL_CONVERSION = YES;
				CLANG_WARN_OBJC_ROOT_CLASS = YES_ERROR;
				CLANG_WARN_QUOTED_INCLUDE_IN_FRAMEWORK_HEADER = YES;
				CLANG_WARN_RANGE_LOOP_ANALYSIS = YES;
				CLANG_WARN_STRICT_PROTOTYPES = YES;
				CLANG_WARN_SUSPICIOUS_MOVE = YES;
				CLANG_WARN_UNGUARDED_AVAILABILITY = YES_AGGRESSIVE;
				CLANG_WARN_UNREACHABLE_CODE = YES;
				CLANG_WARN__DUPLICATE_METHOD_MATCH = YES;
				COPY_PHASE_STRIP = NO;
				DEBUG_INFORMATION_FORMAT = "dwarf-with-dsym";
				ENABLE_NS_ASSERTIONS = NO;
				ENABLE_STRICT_OBJC_MSGSEND = YES;
				GCC_C_LANGUAGE_STANDARD = gnu11;
				GCC_NO_COMMON_BLOCKS = YES;
				GCC_WARN_64_TO_32_BIT_CONVERSION = YES;
				GCC_WARN_ABOUT_RETURN_TYPE = YES_ERROR;
				GCC_WARN_UNDECLARED_SELECTOR = YES;
				GCC_WARN_UNINITIALIZED_AUTOS = YES_AGGRESSIVE;
				GCC_WARN_UNUSED_FUNCTION = YES;
				GCC_WARN_UNUSED_VARIABLE = YES;
				MTL_ENABLE_DEBUG_INFO = NO;
				MTL_FAST_MATH = YES;
				SWIFT_COMPILATION_MODE = wholemodule;
				SWIFT_OPTIMIZATION_LEVEL = "-O";
			};
			name = Release;
		};
		254F465A279705BC006DE402 /* Debug */ = {
			isa = XCBuildConfiguration;
			buildSettings = {
				ASSETCATALOG_COMPILER_APPICON_NAME = AppIcon;
				ASSETCATALOG_COMPILER_GLOBAL_ACCENT_COLOR_NAME = AccentColor;
				CODE_SIGN_STYLE = Automatic;
				CURRENT_PROJECT_VERSION = 1;
				DEVELOPMENT_TEAM = W4R3WPMQ2T;
				ENABLE_PREVIEWS = YES;
				GENERATE_INFOPLIST_FILE = YES;
				INFOPLIST_KEY_UIApplicationSceneManifest_Generation = YES;
				INFOPLIST_KEY_UIApplicationSupportsIndirectInputEvents = YES;
				INFOPLIST_KEY_UILaunchScreen_Generation = YES;
				INFOPLIST_KEY_UISupportedInterfaceOrientations_iPad = "UIInterfaceOrientationPortrait UIInterfaceOrientationPortraitUpsideDown UIInterfaceOrientationLandscapeLeft UIInterfaceOrientationLandscapeRight";
				INFOPLIST_KEY_UISupportedInterfaceOrientations_iPhone = "UIInterfaceOrientationPortrait UIInterfaceOrientationLandscapeLeft UIInterfaceOrientationLandscapeRight";
				IPHONEOS_DEPLOYMENT_TARGET = 15.2;
				LD_RUNPATH_SEARCH_PATHS = (
					"$(inherited)",
					"@executable_path/Frameworks",
				);
				MARKETING_VERSION = 1.0;
				PRODUCT_BUNDLE_IDENTIFIER = ca.rowanharrisstoertz.TrekrMultiPlatform;
				PRODUCT_NAME = TrekrMultiPlatform;
				SDKROOT = iphoneos;
				SWIFT_EMIT_LOC_STRINGS = YES;
				SWIFT_VERSION = 5.0;
				TARGETED_DEVICE_FAMILY = "1,2";
			};
			name = Debug;
		};
		254F465B279705BC006DE402 /* Release */ = {
			isa = XCBuildConfiguration;
			buildSettings = {
				ASSETCATALOG_COMPILER_APPICON_NAME = AppIcon;
				ASSETCATALOG_COMPILER_GLOBAL_ACCENT_COLOR_NAME = AccentColor;
				CODE_SIGN_STYLE = Automatic;
				CURRENT_PROJECT_VERSION = 1;
				DEVELOPMENT_TEAM = W4R3WPMQ2T;
				ENABLE_PREVIEWS = YES;
				GENERATE_INFOPLIST_FILE = YES;
				INFOPLIST_KEY_UIApplicationSceneManifest_Generation = YES;
				INFOPLIST_KEY_UIApplicationSupportsIndirectInputEvents = YES;
				INFOPLIST_KEY_UILaunchScreen_Generation = YES;
				INFOPLIST_KEY_UISupportedInterfaceOrientations_iPad = "UIInterfaceOrientationPortrait UIInterfaceOrientationPortraitUpsideDown UIInterfaceOrientationLandscapeLeft UIInterfaceOrientationLandscapeRight";
				INFOPLIST_KEY_UISupportedInterfaceOrientations_iPhone = "UIInterfaceOrientationPortrait UIInterfaceOrientationLandscapeLeft UIInterfaceOrientationLandscapeRight";
				IPHONEOS_DEPLOYMENT_TARGET = 15.2;
				LD_RUNPATH_SEARCH_PATHS = (
					"$(inherited)",
					"@executable_path/Frameworks",
				);
				MARKETING_VERSION = 1.0;
				PRODUCT_BUNDLE_IDENTIFIER = ca.rowanharrisstoertz.TrekrMultiPlatform;
				PRODUCT_NAME = TrekrMultiPlatform;
				SDKROOT = iphoneos;
				SWIFT_EMIT_LOC_STRINGS = YES;
				SWIFT_VERSION = 5.0;
				TARGETED_DEVICE_FAMILY = "1,2";
				VALIDATE_PRODUCT = YES;
			};
			name = Release;
		};
		254F465D279705BC006DE402 /* Debug */ = {
			isa = XCBuildConfiguration;
			buildSettings = {
				ASSETCATALOG_COMPILER_APPICON_NAME = AppIcon;
				ASSETCATALOG_COMPILER_GLOBAL_ACCENT_COLOR_NAME = AccentColor;
				CODE_SIGN_ENTITLEMENTS = macOS/macOS.entitlements;
				CODE_SIGN_STYLE = Automatic;
				COMBINE_HIDPI_IMAGES = YES;
				CURRENT_PROJECT_VERSION = 1;
				DEVELOPMENT_TEAM = W4R3WPMQ2T;
				ENABLE_HARDENED_RUNTIME = YES;
				ENABLE_PREVIEWS = YES;
				GENERATE_INFOPLIST_FILE = YES;
				INFOPLIST_KEY_NSHumanReadableCopyright = "";
				LD_RUNPATH_SEARCH_PATHS = (
					"$(inherited)",
					"@executable_path/../Frameworks",
				);
				MACOSX_DEPLOYMENT_TARGET = 11.5;
				MARKETING_VERSION = 1.0;
				PRODUCT_BUNDLE_IDENTIFIER = ca.rowanharrisstoertz.TrekrMultiPlatform;
				PRODUCT_NAME = TrekrMultiPlatform;
				SDKROOT = macosx;
				SWIFT_EMIT_LOC_STRINGS = YES;
				SWIFT_VERSION = 5.0;
			};
			name = Debug;
		};
		254F465E279705BC006DE402 /* Release */ = {
			isa = XCBuildConfiguration;
			buildSettings = {
				ASSETCATALOG_COMPILER_APPICON_NAME = AppIcon;
				ASSETCATALOG_COMPILER_GLOBAL_ACCENT_COLOR_NAME = AccentColor;
				CODE_SIGN_ENTITLEMENTS = macOS/macOS.entitlements;
				CODE_SIGN_STYLE = Automatic;
				COMBINE_HIDPI_IMAGES = YES;
				CURRENT_PROJECT_VERSION = 1;
				DEVELOPMENT_TEAM = W4R3WPMQ2T;
				ENABLE_HARDENED_RUNTIME = YES;
				ENABLE_PREVIEWS = YES;
				GENERATE_INFOPLIST_FILE = YES;
				INFOPLIST_KEY_NSHumanReadableCopyright = "";
				LD_RUNPATH_SEARCH_PATHS = (
					"$(inherited)",
					"@executable_path/../Frameworks",
				);
				MACOSX_DEPLOYMENT_TARGET = 11.5;
				MARKETING_VERSION = 1.0;
				PRODUCT_BUNDLE_IDENTIFIER = ca.rowanharrisstoertz.TrekrMultiPlatform;
				PRODUCT_NAME = TrekrMultiPlatform;
				SDKROOT = macosx;
				SWIFT_EMIT_LOC_STRINGS = YES;
				SWIFT_VERSION = 5.0;
			};
			name = Release;
		};
/* End XCBuildConfiguration section */

/* Begin XCConfigurationList section */
		254F463F279705AF006DE402 /* Build configuration list for PBXProject "TrekrMultiPlatform" */ = {
			isa = XCConfigurationList;
			buildConfigurations = (
				254F4657279705BC006DE402 /* Debug */,
				254F4658279705BC006DE402 /* Release */,
			);
			defaultConfigurationIsVisible = 0;
			defaultConfigurationName = Release;
		};
		254F4659279705BC006DE402 /* Build configuration list for PBXNativeTarget "TrekrMultiPlatform (iOS)" */ = {
			isa = XCConfigurationList;
			buildConfigurations = (
				254F465A279705BC006DE402 /* Debug */,
				254F465B279705BC006DE402 /* Release */,
			);
			defaultConfigurationIsVisible = 0;
			defaultConfigurationName = Release;
		};
		254F465C279705BC006DE402 /* Build configuration list for PBXNativeTarget "TrekrMultiPlatform (macOS)" */ = {
			isa = XCConfigurationList;
			buildConfigurations = (
				254F465D279705BC006DE402 /* Debug */,
				254F465E279705BC006DE402 /* Release */,
			);
			defaultConfigurationIsVisible = 0;
			defaultConfigurationName = Release;
		};
/* End XCConfigurationList section */
	};
	rootObject = 254F463C279705AF006DE402 /* Project object */;
}
